
Microsoft Visual Studio Solution File, Format Version 12.00
# Visual Studio Version 17
VisualStudioVersion = 17.7.34031.279
MinimumVisualStudioVersion = 10.0.40219.1
Project("{FAE04EC0-301F-11D3-BF4B-00C04F79EFBC}") = "CartsService", "CartsService\CartsService.csproj", "{E4BBE6EC-C71F-40FD-8835-733DAFC664BD}"
EndProject
Global
	GlobalSection(SolutionConfigurationPlatforms) = preSolution
		Debug|Any CPU = Debug|Any CPU
		Release|Any CPU = Release|Any CPU
	EndGlobalSection
	GlobalSection(ProjectConfigurationPlatforms) = postSolution
		{E4BBE6EC-C71F-40FD-8835-733DAFC664BD}.Debug|Any CPU.ActiveCfg = Debug|Any CPU
		{E4BBE6EC-C71F-40FD-8835-733DAFC664BD}.Debug|Any CPU.Build.0 = Debug|Any CPU
		{E4BBE6EC-C71F-40FD-8835-733DAFC664BD}.Release|Any CPU.ActiveCfg = Release|Any CPU
		{E4BBE6EC-C71F-40FD-8835-733DAFC664BD}.Release|Any CPU.Build.0 = Release|Any CPU
	EndGlobalSection
	GlobalSection(SolutionProperties) = preSolution
		HideSolutionNode = FALSE
	EndGlobalSection
	GlobalSection(ExtensibilityGlobals) = postSolution
		SolutionGuid = {C1B302C2-CD3A-4F5B-9030-A49FBAB1C744}
	EndGlobalSection
EndGlobal
